
Microsoft Visual Studio Solution File, Format Version 12.00
# Visual Studio Version 17
VisualStudioVersion = 17.6.33801.468
MinimumVisualStudioVersion = 10.0.40219.1
Project("{FAE04EC0-301F-11D3-BF4B-00C04F79EFBC}") = "WpfExplorer", "WpfExplorer\WpfExplorer.csproj", "{160ACE42-763A-44CC-BBDA-8D4F4112DEB0}"
EndProject
Project("{FAE04EC0-301F-11D3-BF4B-00C04F79EFBC}") = "WpfExplorer.Support", "WpfExplorer.Support\WpfExplorer.Support.csproj", "{D969F8AB-7044-4194-86A0-991046136672}"
EndProject
Project("{FAE04EC0-301F-11D3-BF4B-00C04F79EFBC}") = "WpfExplorer.Forms", "WpfExplorer.Forms\WpfExplorer.Forms.csproj", "{F4287697-99DC-4AB6-A028-0180FE5A75B3}"
EndProject
Global
	GlobalSection(SolutionConfigurationPlatforms) = preSolution
		Debug|Any CPU = Debug|Any CPU
		Release|Any CPU = Release|Any CPU
	EndGlobalSection
	GlobalSection(ProjectConfigurationPlatforms) = postSolution
		{160ACE42-763A-44CC-BBDA-8D4F4112DEB0}.Debug|Any CPU.ActiveCfg = Debug|Any CPU
		{160ACE42-763A-44CC-BBDA-8D4F4112DEB0}.Debug|Any CPU.Build.0 = Debug|Any CPU
		{160ACE42-763A-44CC-BBDA-8D4F4112DEB0}.Release|Any CPU.ActiveCfg = Release|Any CPU
		{160ACE42-763A-44CC-BBDA-8D4F4112DEB0}.Release|Any CPU.Build.0 = Release|Any CPU
		{D969F8AB-7044-4194-86A0-991046136672}.Debug|Any CPU.ActiveCfg = Debug|Any CPU
		{D969F8AB-7044-4194-86A0-991046136672}.Debug|Any CPU.Build.0 = Debug|Any CPU
		{D969F8AB-7044-4194-86A0-991046136672}.Release|Any CPU.ActiveCfg = Release|Any CPU
		{D969F8AB-7044-4194-86A0-991046136672}.Release|Any CPU.Build.0 = Release|Any CPU
		{F4287697-99DC-4AB6-A028-0180FE5A75B3}.Debug|Any CPU.ActiveCfg = Debug|Any CPU
		{F4287697-99DC-4AB6-A028-0180FE5A75B3}.Debug|Any CPU.Build.0 = Debug|Any CPU
		{F4287697-99DC-4AB6-A028-0180FE5A75B3}.Release|Any CPU.ActiveCfg = Release|Any CPU
		{F4287697-99DC-4AB6-A028-0180FE5A75B3}.Release|Any CPU.Build.0 = Release|Any CPU
	EndGlobalSection
	GlobalSection(SolutionProperties) = preSolution
		HideSolutionNode = FALSE
	EndGlobalSection
	GlobalSection(ExtensibilityGlobals) = postSolution
		SolutionGuid = {95E32583-032D-4B27-B6F0-33570A92035C}
	EndGlobalSection
EndGlobal
